
Microsoft Visual Studio Solution File, Format Version 12.00
# Visual Studio 15
VisualStudioVersion = 15.0.28307.1622
MinimumVisualStudioVersion = 10.0.40219.1
Project("{2150E333-8FDC-42A3-9474-1A3956D46DE8}") = "Servidor", "Servidor", "{C5132C57-D4F9-43A6-94B0-C87C5C409A00}"
EndProject
Project("{FAE04EC0-301F-11D3-BF4B-00C04F79EFBC}") = "CalculaÁrea_FigurasGeométricas", "CalculaÁrea_FigurasGeométricas\CalculaÁrea_FigurasGeométricas.csproj", "{3D09CFF1-A4AF-49EB-95F4-E4C7C169F9CF}"
EndProject
Global
	GlobalSection(SolutionConfigurationPlatforms) = preSolution
		Debug|Any CPU = Debug|Any CPU
		Release|Any CPU = Release|Any CPU
	EndGlobalSection
	GlobalSection(ProjectConfigurationPlatforms) = postSolution
		{3D09CFF1-A4AF-49EB-95F4-E4C7C169F9CF}.Debug|Any CPU.ActiveCfg = Debug|Any CPU
		{3D09CFF1-A4AF-49EB-95F4-E4C7C169F9CF}.Debug|Any CPU.Build.0 = Debug|Any CPU
		{3D09CFF1-A4AF-49EB-95F4-E4C7C169F9CF}.Release|Any CPU.ActiveCfg = Release|Any CPU
		{3D09CFF1-A4AF-49EB-95F4-E4C7C169F9CF}.Release|Any CPU.Build.0 = Release|Any CPU
	EndGlobalSection
	GlobalSection(SolutionProperties) = preSolution
		HideSolutionNode = FALSE
	EndGlobalSection
	GlobalSection(NestedProjects) = preSolution
		{3D09CFF1-A4AF-49EB-95F4-E4C7C169F9CF} = {C5132C57-D4F9-43A6-94B0-C87C5C409A00}
	EndGlobalSection
	GlobalSection(ExtensibilityGlobals) = postSolution
		SolutionGuid = {3BA7CCEA-6310-4813-92E0-C62E645EC691}
	EndGlobalSection
EndGlobal
